// !$*UTF8*$!
{
	archiveVersion = 1;
	classes = {
	};
	objectVersion = 46;
	objects = {

/* Begin PBXBuildFile section */
		315D721113C1A26DFA33C490 /* main.cpp in Sources */ = {isa = PBXBuildFile; fileRef = 315D7299EAFE0EA996D78014 /* main.cpp */; };
		315D7FD89BB79F0743D1A81C /* Tk.framework in Frameworks */ = {isa = PBXBuildFile; fileRef = 315D7322DF7944504FA95760 /* Tk.framework */; };
/* End PBXBuildFile section */

/* Begin PBXCopyFilesBuildPhase section */
		315D716398879DFE846F2391 /* CopyFiles */ = {
			isa = PBXCopyFilesBuildPhase;
			buildActionMask = 2147483647;
			dstPath = /usr/share/man/man1/;
			dstSubfolderSpec = 0;
			files = (
			);
			runOnlyForDeploymentPostprocessing = 1;
		};
/* End PBXCopyFilesBuildPhase section */

/* Begin PBXFileReference section */
		315D70013DEF56A47F0CACDC /* mapping.hpp */ = {isa = PBXFileReference; fileEncoding = 4; lastKnownFileType = sourcecode.cpp.h; path = mapping.hpp; sourceTree = "<group>"; };
		315D7022B8AE824D16B21B4C /* annogen */ = {isa = PBXFileReference; explicitFileType = "compiled.mach-o.executable"; includeInIndex = 0; path = annogen; sourceTree = BUILT_PRODUCTS_DIR; };
		315D7299EAFE0EA996D78014 /* main.cpp */ = {isa = PBXFileReference; lastKnownFileType = sourcecode.cpp.cpp; path = main.cpp; sourceTree = "<group>"; };
		315D7322DF7944504FA95760 /* Tk.framework */ = {isa = PBXFileReference; lastKnownFileType = wrapper.framework; name = Tk.framework; path = System/Library/Frameworks/Tk.framework; sourceTree = SDKROOT; };
		315D78C0AA10FD2630D59548 /* database.hpp */ = {isa = PBXFileReference; fileEncoding = 4; lastKnownFileType = sourcecode.cpp.h; path = database.hpp; sourceTree = "<group>"; };
		315D7C399E0E1A75E524BA5D /* spp.h */ = {isa = PBXFileReference; fileEncoding = 4; lastKnownFileType = sourcecode.c.h; name = spp.h; path = annogen/sparsepp/spp.h; sourceTree = "<group>"; };
/* End PBXFileReference section */

/* Begin PBXFrameworksBuildPhase section */
		315D7A135485838C9C903DC3 /* Frameworks */ = {
			isa = PBXFrameworksBuildPhase;
			buildActionMask = 2147483647;
			files = (
				315D7FD89BB79F0743D1A81C /* Tk.framework in Frameworks */,
			);
			runOnlyForDeploymentPostprocessing = 0;
		};
/* End PBXFrameworksBuildPhase section */

/* Begin PBXGroup section */
		315D73DDEC6C6FCDB94CD82B /* Products */ = {
			isa = PBXGroup;
			children = (
				315D7022B8AE824D16B21B4C /* annogen */,
			);
			name = Products;
			sourceTree = "<group>";
		};
		315D794AAEDF051D6CB1B091 = {
			isa = PBXGroup;
			children = (
				315D73DDEC6C6FCDB94CD82B /* Products */,
				315D7E442EAD73A9FAF578C9 /* annogen */,
				315D7F5D3F591EFC2FEC8C91 /* Frameworks */,
				315D7C399E0E1A75E524BA5D /* spp.h */,
			);
			sourceTree = "<group>";
		};
		315D7E442EAD73A9FAF578C9 /* annogen */ = {
			isa = PBXGroup;
			children = (
				315D7299EAFE0EA996D78014 /* main.cpp */,
				315D78C0AA10FD2630D59548 /* database.hpp */,
				315D70013DEF56A47F0CACDC /* mapping.hpp */,
			);
			path = annogen;
			sourceTree = "<group>";
		};
		315D7F5D3F591EFC2FEC8C91 /* Frameworks */ = {
			isa = PBXGroup;
			children = (
				315D7322DF7944504FA95760 /* Tk.framework */,
			);
			name = Frameworks;
			sourceTree = "<group>";
		};
/* End PBXGroup section */

/* Begin PBXNativeTarget section */
		315D7001A2E30CB508643C64 /* annogen */ = {
			isa = PBXNativeTarget;
			buildConfigurationList = 315D797CF757E2AC2D63DA37 /* Build configuration list for PBXNativeTarget "annogen" */;
			buildPhases = (
				315D72E32B0618FA5B03792C /* Sources */,
				315D7A135485838C9C903DC3 /* Frameworks */,
				315D716398879DFE846F2391 /* CopyFiles */,
			);
			buildRules = (
			);
			dependencies = (
			);
			name = annogen;
			productName = annogen;
			productReference = 315D7022B8AE824D16B21B4C /* annogen */;
			productType = "com.apple.product-type.tool";
		};
/* End PBXNativeTarget section */

/* Begin PBXProject section */
		315D76643219B64734C13EFA /* Project object */ = {
			isa = PBXProject;
			attributes = {
				ORGANIZATIONNAME = "___FULLUSERNAME___";
			};
			buildConfigurationList = 315D74428B9CDAF6D950D7C0 /* Build configuration list for PBXProject "annogen" */;
			compatibilityVersion = "Xcode 3.2";
			developmentRegion = English;
			hasScannedForEncodings = 0;
			knownRegions = (
				en,
			);
			mainGroup = 315D794AAEDF051D6CB1B091;
			productRefGroup = 315D73DDEC6C6FCDB94CD82B /* Products */;
			projectDirPath = "";
			projectRoot = "";
			targets = (
				315D7001A2E30CB508643C64 /* annogen */,
			);
		};
/* End PBXProject section */

/* Begin PBXSourcesBuildPhase section */
		315D72E32B0618FA5B03792C /* Sources */ = {
			isa = PBXSourcesBuildPhase;
			buildActionMask = 2147483647;
			files = (
				315D721113C1A26DFA33C490 /* main.cpp in Sources */,
			);
			runOnlyForDeploymentPostprocessing = 0;
		};
/* End PBXSourcesBuildPhase section */

/* Begin XCBuildConfiguration section */
		315D71439F0C55CDCDE8964A /* Release */ = {
			isa = XCBuildConfiguration;
			buildSettings = {
				PRODUCT_NAME = "$(TARGET_NAME)";
			};
			name = Release;
		};
		315D73CFC5F5A77011A0E433 /* Release */ = {
			isa = XCBuildConfiguration;
			buildSettings = {
				ALWAYS_SEARCH_USER_PATHS = NO;
				CLANG_ANALYZER_NONNULL = YES;
				CLANG_ANALYZER_NUMBER_OBJECT_CONVERSION = YES_AGGRESSIVE;
				CLANG_CXX_LANGUAGE_STANDARD = "gnu++14";
				CLANG_CXX_LIBRARY = "libc++";
				CLANG_ENABLE_MODULES = YES;
				CLANG_ENABLE_OBJC_ARC = YES;
				CLANG_WARN_BLOCK_CAPTURE_AUTORELEASING = YES;
				CLANG_WARN_BOOL_CONVERSION = YES;
				CLANG_WARN_COMMA = YES;
				CLANG_WARN_CONSTANT_CONVERSION = YES;
				CLANG_WARN_DIRECT_OBJC_ISA_USAGE = YES_ERROR;
				CLANG_WARN_DOCUMENTATION_COMMENTS = YES;
				CLANG_WARN_EMPTY_BODY = YES;
				CLANG_WARN_ENUM_CONVERSION = YES;
				CLANG_WARN_INFINITE_RECURSION = YES;
				CLANG_WARN_INT_CONVERSION = YES;
				CLANG_WARN_NON_LITERAL_NULL_CONVERSION = YES;
				CLANG_WARN_OBJC_LITERAL_CONVERSION = YES;
				CLANG_WARN_OBJC_ROOT_CLASS = YES_ERROR;
				CLANG_WARN_RANGE_LOOP_ANALYSIS = YES;
				CLANG_WARN_STRICT_PROTOTYPES = YES;
				CLANG_WARN_SUSPICIOUS_MOVE = YES;
				CLANG_WARN_UNGUARDED_AVAILABILITY = YES_AGGRESSIVE;
				CLANG_WARN_UNREACHABLE_CODE = YES;
				CLANG_WARN__DUPLICATE_METHOD_MATCH = YES;
				CODE_SIGN_IDENTITY = "-";
				COPY_PHASE_STRIP = NO;
				DEBUG_INFORMATION_FORMAT = "dwarf-with-dsym";
				ENABLE_NS_ASSERTIONS = NO;
				ENABLE_STRICT_OBJC_MSGSEND = YES;
				GCC_C_LANGUAGE_STANDARD = gnu11;
				GCC_NO_COMMON_BLOCKS = YES;
				GCC_WARN_64_TO_32_BIT_CONVERSION = YES;
				GCC_WARN_ABOUT_RETURN_TYPE = YES_ERROR;
				GCC_WARN_UNDECLARED_SELECTOR = YES;
				GCC_WARN_UNINITIALIZED_AUTOS = YES_AGGRESSIVE;
				GCC_WARN_UNUSED_FUNCTION = YES;
				GCC_WARN_UNUSED_VARIABLE = YES;
				HEADER_SEARCH_PATHS = (
					"/usr/local/Cellar/boost/**",
				);
				LIBRARY_SEARCH_PATHS = (
					"/Users/ilia/Code/skoblov-lab/annogen/annogen/**",
				);
				MACOSX_DEPLOYMENT_TARGET = 10.12;
				MTL_ENABLE_DEBUG_INFO = NO;
				SDKROOT = macosx;
			};
			name = Release;
		};
		315D7A0CFA303BF965239245 /* Debug */ = {
			isa = XCBuildConfiguration;
			buildSettings = {
				PRODUCT_NAME = "$(TARGET_NAME)";
			};
			name = Debug;
		};
		315D7A4F3655ACCCE732B360 /* Debug */ = {
			isa = XCBuildConfiguration;
			buildSettings = {
				ALWAYS_SEARCH_USER_PATHS = NO;
				CLANG_ANALYZER_NONNULL = YES;
				CLANG_ANALYZER_NUMBER_OBJECT_CONVERSION = YES_AGGRESSIVE;
				CLANG_CXX_LANGUAGE_STANDARD = "gnu++14";
				CLANG_CXX_LIBRARY = "libc++";
				CLANG_ENABLE_MODULES = YES;
				CLANG_ENABLE_OBJC_ARC = YES;
				CLANG_WARN_BLOCK_CAPTURE_AUTORELEASING = YES;
				CLANG_WARN_BOOL_CONVERSION = YES;
				CLANG_WARN_COMMA = YES;
				CLANG_WARN_CONSTANT_CONVERSION = YES;
				CLANG_WARN_DIRECT_OBJC_ISA_USAGE = YES_ERROR;
				CLANG_WARN_DOCUMENTATION_COMMENTS = YES;
				CLANG_WARN_EMPTY_BODY = YES;
				CLANG_WARN_ENUM_CONVERSION = YES;
				CLANG_WARN_INFINITE_RECURSION = YES;
				CLANG_WARN_INT_CONVERSION = YES;
				CLANG_WARN_NON_LITERAL_NULL_CONVERSION = YES;
				CLANG_WARN_OBJC_LITERAL_CONVERSION = YES;
				CLANG_WARN_OBJC_ROOT_CLASS = YES_ERROR;
				CLANG_WARN_RANGE_LOOP_ANALYSIS = YES;
				CLANG_WARN_STRICT_PROTOTYPES = YES;
				CLANG_WARN_SUSPICIOUS_MOVE = YES;
				CLANG_WARN_UNGUARDED_AVAILABILITY = YES_AGGRESSIVE;
				CLANG_WARN_UNREACHABLE_CODE = YES;
				CLANG_WARN__DUPLICATE_METHOD_MATCH = YES;
				CODE_SIGN_IDENTITY = "-";
				COPY_PHASE_STRIP = NO;
				DEBUG_INFORMATION_FORMAT = dwarf;
				ENABLE_STRICT_OBJC_MSGSEND = YES;
				ENABLE_TESTABILITY = YES;
				GCC_C_LANGUAGE_STANDARD = gnu11;
				GCC_DYNAMIC_NO_PIC = NO;
				GCC_NO_COMMON_BLOCKS = YES;
				GCC_OPTIMIZATION_LEVEL = 0;
				GCC_PREPROCESSOR_DEFINITIONS = (
					"DEBUG=1",
					"$(inherited)",
				);
				GCC_WARN_64_TO_32_BIT_CONVERSION = YES;
				GCC_WARN_ABOUT_RETURN_TYPE = YES_ERROR;
				GCC_WARN_UNDECLARED_SELECTOR = YES;
				GCC_WARN_UNINITIALIZED_AUTOS = YES_AGGRESSIVE;
				GCC_WARN_UNUSED_FUNCTION = YES;
				GCC_WARN_UNUSED_VARIABLE = YES;
				HEADER_SEARCH_PATHS = (
					"/usr/local/Cellar/boost/**",
				);
				LIBRARY_SEARCH_PATHS = (
					"/Users/ilia/Code/skoblov-lab/annogen/annogen/**",
				);
				MACOSX_DEPLOYMENT_TARGET = 10.12;
				MTL_ENABLE_DEBUG_INFO = YES;
				ONLY_ACTIVE_ARCH = YES;
				SDKROOT = macosx;
			};
			name = Debug;
		};
/* End XCBuildConfiguration section */

/* Begin XCConfigurationList section */
		315D74428B9CDAF6D950D7C0 /* Build configuration list for PBXProject "annogen" */ = {
			isa = XCConfigurationList;
			buildConfigurations = (
				315D7A4F3655ACCCE732B360 /* Debug */,
				315D73CFC5F5A77011A0E433 /* Release */,
			);
			defaultConfigurationIsVisible = 0;
			defaultConfigurationName = Release;
		};
		315D797CF757E2AC2D63DA37 /* Build configuration list for PBXNativeTarget "annogen" */ = {
			isa = XCConfigurationList;
			buildConfigurations = (
				315D7A0CFA303BF965239245 /* Debug */,
				315D71439F0C55CDCDE8964A /* Release */,
			);
			defaultConfigurationIsVisible = 0;
		};
/* End XCConfigurationList section */
	};
	rootObject = 315D76643219B64734C13EFA /* Project object */;
}
